{
  "name": "linearRegression",
  "lockfileVersion": 2,
  "requires": true,
  "packages": {
    "": {
      "dependencies": {
        "ml-regression-simple-linear": "^2.0.3"
      }
    },
    "node_modules/is-any-array": {
      "version": "2.0.0",
      "resolved": "https://registry.npmjs.org/is-any-array/-/is-any-array-2.0.0.tgz",
      "integrity": "sha512-WdPV58rT3aOWXvvyuBydnCq4S2BM1Yz8shKxlEpk/6x+GX202XRvXOycEFtNgnHVLoc46hpexPFx8Pz1/sMS0w=="
    },
    "node_modules/ml-regression-base": {
      "version": "2.1.6",
      "resolved": "https://registry.npmjs.org/ml-regression-base/-/ml-regression-base-2.1.6.tgz",
      "integrity": "sha512-yTckvEc8szc6VrUTJSgAClShvCoPZdNt8pmyRe8aGsIWGjg6bYFotp9mDUwAB0snvKAbQWd6A4trL/PDCASLug==",
      "dependencies": {
        "is-any-array": "^2.0.0"
      }
    },
    "node_modules/ml-regression-simple-linear": {
      "version": "2.0.3",
      "resolved": "https://registry.npmjs.org/ml-regression-simple-linear/-/ml-regression-simple-linear-2.0.3.tgz",
      "integrity": "sha512-xcLviI0Gqs0TXE5+QsPLbJm372RyZsX6xmsufez3Dz6vq/r10+KyOJ8JvUimhryKvPaZQvx6BTnzAfQbj/IeLQ==",
      "dependencies": {
        "ml-regression-base": "^2.0.1"
      }
    }
  },
  "dependencies": {
    "is-any-array": {
      "version": "2.0.0",
      "resolved": "https://registry.npmjs.org/is-any-array/-/is-any-array-2.0.0.tgz",
      "integrity": "sha512-WdPV58rT3aOWXvvyuBydnCq4S2BM1Yz8shKxlEpk/6x+GX202XRvXOycEFtNgnHVLoc46hpexPFx8Pz1/sMS0w=="
    },
    "ml-regression-base": {
      "version": "2.1.6",
      "resolved": "https://registry.npmjs.org/ml-regression-base/-/ml-regression-base-2.1.6.tgz",
      "integrity": "sha512-yTckvEc8szc6VrUTJSgAClShvCoPZdNt8pmyRe8aGsIWGjg6bYFotp9mDUwAB0snvKAbQWd6A4trL/PDCASLug==",
      "requires": {
        "is-any-array": "^2.0.0"
      }
    },
    "ml-regression-simple-linear": {
      "version": "2.0.3",
      "resolved": "https://registry.npmjs.org/ml-regression-simple-linear/-/ml-regression-simple-linear-2.0.3.tgz",
      "integrity": "sha512-xcLviI0Gqs0TXE5+QsPLbJm372RyZsX6xmsufez3Dz6vq/r10+KyOJ8JvUimhryKvPaZQvx6BTnzAfQbj/IeLQ==",
      "requires": {
        "ml-regression-base": "^2.0.1"
      }
    }
  }
}
